
Microsoft Visual Studio Solution File, Format Version 12.00
# Visual Studio Version 17
VisualStudioVersion = 17.0.31903.59
MinimumVisualStudioVersion = 10.0.40219.1
Project("{FAE04EC0-301F-11D3-BF4B-00C04F79EFBC}") = "ContentModels.Api", "ContentModels.Api\ContentModels.Api.csproj", "{1AEC6345-5465-4937-987E-8D9AC4600D57}"
EndProject
Project("{FAE04EC0-301F-11D3-BF4B-00C04F79EFBC}") = "GlobalFields.Api", "GlobalFields.Api\GlobalFields.Api.csproj", "{7860896E-D7C9-4CFA-A4A8-E812A219CD7A}"
EndProject
Project("{FAE04EC0-301F-11D3-BF4B-00C04F79EFBC}") = "ContentModels.Domain", "ContentModels.Domain\ContentModels.Domain.csproj", "{9A65BBD4-9746-4CEB-89C0-9D9244F28540}"
EndProject
Project("{FAE04EC0-301F-11D3-BF4B-00C04F79EFBC}") = "ContentModels.Domain.Tests", "ContentModels.Domain.Tests\ContentModels.Domain.Tests.csproj", "{9C637FDF-90A2-495F-9613-4A130AC5280B}"
EndProject
Project("{FAE04EC0-301F-11D3-BF4B-00C04F79EFBC}") = "Entries.Api", "Entries.Api\Entries.Api.csproj", "{B2E22F9B-2D9F-4D7A-9FE2-D885B94E4676}"
EndProject
Project("{FAE04EC0-301F-11D3-BF4B-00C04F79EFBC}") = "Assets.Api", "Assets.Api\Assets.Api.csproj", "{406DEAB2-E8D0-4A45-BBAB-B075BF8C81A0}"
EndProject
Project("{FAE04EC0-301F-11D3-BF4B-00C04F79EFBC}") = "Auth.Api", "Auth.Api\Auth.Api.csproj", "{0FB4F1E3-050F-4C50-BDCB-C1CC45F681EA}"
EndProject
Project("{FAE04EC0-301F-11D3-BF4B-00C04F79EFBC}") = "Tenants.Api", "Tenants.Api\Tenants.Api.csproj", "{28B799B7-A8D4-4C02-A15D-435DFF983CF4}"
EndProject
Project("{FAE04EC0-301F-11D3-BF4B-00C04F79EFBC}") = "Organizations.Api", "Organizations.Api\Organizations.Api.csproj", "{F6B9F88E-18E5-4DEF-9546-469AB01978E5}"
EndProject
Project("{FAE04EC0-301F-11D3-BF4B-00C04F79EFBC}") = "Environments.Api", "Environments.Api\Environments.Api.csproj", "{C54664CE-0B33-4CDB-BE34-A7B58D124447}"
EndProject
Project("{FAE04EC0-301F-11D3-BF4B-00C04F79EFBC}") = "Roles.Api", "Roles.Api\Roles.Api.csproj", "{48B9819B-3FCD-432C-B4C9-988914F44A0B}"
EndProject
Project("{FAE04EC0-301F-11D3-BF4B-00C04F79EFBC}") = "Workflows.Api", "Workflows.Api\Workflows.Api.csproj", "{62B22DF7-A01E-45F4-9A2A-7ACD434C324F}"
EndProject
Project("{FAE04EC0-301F-11D3-BF4B-00C04F79EFBC}") = "Webhooks.Api", "Webhooks.Api\Webhooks.Api.csproj", "{82BAE5D0-B0EE-4D53-85C1-4C3A61701B99}"
EndProject
Project("{FAE04EC0-301F-11D3-BF4B-00C04F79EFBC}") = "Delivery.Api", "Delivery.Api\Delivery.Api.csproj", "{8ED5F548-AE4F-48A2-926C-30AE705D9E88}"
EndProject
Project("{FAE04EC0-301F-11D3-BF4B-00C04F79EFBC}") = "Search.Api", "Search.Api\Search.Api.csproj", "{CDEA22A9-190D-41C8-BFA5-1BCEFCEC2CE6}"
EndProject
Project("{FAE04EC0-301F-11D3-BF4B-00C04F79EFBC}") = "ContentModels.Api.Tests", "ContentModels.Api.Tests\ContentModels.Api.Tests.csproj", "{466470AE-0A31-44EB-935A-1BFCF0C30084}"
EndProject
Project("{FAE04EC0-301F-11D3-BF4B-00C04F79EFBC}") = "Entries.Api.Tests", "Entries.Api.Tests\Entries.Api.Tests.csproj", "{F36716A3-5524-4A46-BEAC-7CD6C6CCF9E7}"
EndProject
Project("{FAE04EC0-301F-11D3-BF4B-00C04F79EFBC}") = "Auth.Api.Tests", "Auth.Api.Tests\Auth.Api.Tests.csproj", "{275B5634-7CDF-4AD2-A7AF-520CDE0B85DC}"
EndProject
Project("{FAE04EC0-301F-11D3-BF4B-00C04F79EFBC}") = "Workflows.Api.Tests", "Workflows.Api.Tests\Workflows.Api.Tests.csproj", "{8C800DA7-AFC6-447E-9038-E79A57A5EC5E}"
EndProject
Project("{FAE04EC0-301F-11D3-BF4B-00C04F79EFBC}") = "Delivery.Api.Tests", "Delivery.Api.Tests\Delivery.Api.Tests.csproj", "{1E315E3A-CC95-44FD-820F-1B88CD2FA438}"
EndProject
Project("{FAE04EC0-301F-11D3-BF4B-00C04F79EFBC}") = "Webhooks.Api.Tests", "Webhooks.Api.Tests\Webhooks.Api.Tests.csproj", "{3AF96D3F-A5AB-40D6-B5B4-C9393DA5F557}"
EndProject
Global
	GlobalSection(SolutionConfigurationPlatforms) = preSolution
		Debug|Any CPU = Debug|Any CPU
		Debug|x64 = Debug|x64
		Debug|x86 = Debug|x86
		Release|Any CPU = Release|Any CPU
		Release|x64 = Release|x64
		Release|x86 = Release|x86
	EndGlobalSection
	GlobalSection(ProjectConfigurationPlatforms) = postSolution
		{1AEC6345-5465-4937-987E-8D9AC4600D57}.Debug|Any CPU.ActiveCfg = Debug|Any CPU
		{1AEC6345-5465-4937-987E-8D9AC4600D57}.Debug|Any CPU.Build.0 = Debug|Any CPU
		{1AEC6345-5465-4937-987E-8D9AC4600D57}.Debug|x64.ActiveCfg = Debug|Any CPU
		{1AEC6345-5465-4937-987E-8D9AC4600D57}.Debug|x64.Build.0 = Debug|Any CPU
		{1AEC6345-5465-4937-987E-8D9AC4600D57}.Debug|x86.ActiveCfg = Debug|Any CPU
		{1AEC6345-5465-4937-987E-8D9AC4600D57}.Debug|x86.Build.0 = Debug|Any CPU
		{1AEC6345-5465-4937-987E-8D9AC4600D57}.Release|Any CPU.ActiveCfg = Release|Any CPU
		{1AEC6345-5465-4937-987E-8D9AC4600D57}.Release|Any CPU.Build.0 = Release|Any CPU
		{1AEC6345-5465-4937-987E-8D9AC4600D57}.Release|x64.ActiveCfg = Release|Any CPU
		{1AEC6345-5465-4937-987E-8D9AC4600D57}.Release|x64.Build.0 = Release|Any CPU
		{1AEC6345-5465-4937-987E-8D9AC4600D57}.Release|x86.ActiveCfg = Release|Any CPU
		{1AEC6345-5465-4937-987E-8D9AC4600D57}.Release|x86.Build.0 = Release|Any CPU
		{7860896E-D7C9-4CFA-A4A8-E812A219CD7A}.Debug|Any CPU.ActiveCfg = Debug|Any CPU
		{7860896E-D7C9-4CFA-A4A8-E812A219CD7A}.Debug|Any CPU.Build.0 = Debug|Any CPU
		{7860896E-D7C9-4CFA-A4A8-E812A219CD7A}.Debug|x64.ActiveCfg = Debug|Any CPU
		{7860896E-D7C9-4CFA-A4A8-E812A219CD7A}.Debug|x64.Build.0 = Debug|Any CPU
		{7860896E-D7C9-4CFA-A4A8-E812A219CD7A}.Debug|x86.ActiveCfg = Debug|Any CPU
		{7860896E-D7C9-4CFA-A4A8-E812A219CD7A}.Debug|x86.Build.0 = Debug|Any CPU
		{7860896E-D7C9-4CFA-A4A8-E812A219CD7A}.Release|Any CPU.ActiveCfg = Release|Any CPU
		{7860896E-D7C9-4CFA-A4A8-E812A219CD7A}.Release|Any CPU.Build.0 = Release|Any CPU
		{7860896E-D7C9-4CFA-A4A8-E812A219CD7A}.Release|x64.ActiveCfg = Release|Any CPU
		{7860896E-D7C9-4CFA-A4A8-E812A219CD7A}.Release|x64.Build.0 = Release|Any CPU
		{7860896E-D7C9-4CFA-A4A8-E812A219CD7A}.Release|x86.ActiveCfg = Release|Any CPU
		{7860896E-D7C9-4CFA-A4A8-E812A219CD7A}.Release|x86.Build.0 = Release|Any CPU
		{9A65BBD4-9746-4CEB-89C0-9D9244F28540}.Debug|Any CPU.ActiveCfg = Debug|Any CPU
		{9A65BBD4-9746-4CEB-89C0-9D9244F28540}.Debug|Any CPU.Build.0 = Debug|Any CPU
		{9A65BBD4-9746-4CEB-89C0-9D9244F28540}.Debug|x64.ActiveCfg = Debug|Any CPU
		{9A65BBD4-9746-4CEB-89C0-9D9244F28540}.Debug|x64.Build.0 = Debug|Any CPU
		{9A65BBD4-9746-4CEB-89C0-9D9244F28540}.Debug|x86.ActiveCfg = Debug|Any CPU
		{9A65BBD4-9746-4CEB-89C0-9D9244F28540}.Debug|x86.Build.0 = Debug|Any CPU
		{9A65BBD4-9746-4CEB-89C0-9D9244F28540}.Release|Any CPU.ActiveCfg = Release|Any CPU
		{9A65BBD4-9746-4CEB-89C0-9D9244F28540}.Release|Any CPU.Build.0 = Release|Any CPU
		{9A65BBD4-9746-4CEB-89C0-9D9244F28540}.Release|x64.ActiveCfg = Release|Any CPU
		{9A65BBD4-9746-4CEB-89C0-9D9244F28540}.Release|x64.Build.0 = Release|Any CPU
		{9A65BBD4-9746-4CEB-89C0-9D9244F28540}.Release|x86.ActiveCfg = Release|Any CPU
		{9A65BBD4-9746-4CEB-89C0-9D9244F28540}.Release|x86.Build.0 = Release|Any CPU
		{9C637FDF-90A2-495F-9613-4A130AC5280B}.Debug|Any CPU.ActiveCfg = Debug|Any CPU
		{9C637FDF-90A2-495F-9613-4A130AC5280B}.Debug|Any CPU.Build.0 = Debug|Any CPU
		{9C637FDF-90A2-495F-9613-4A130AC5280B}.Debug|x64.ActiveCfg = Debug|Any CPU
		{9C637FDF-90A2-495F-9613-4A130AC5280B}.Debug|x64.Build.0 = Debug|Any CPU
		{9C637FDF-90A2-495F-9613-4A130AC5280B}.Debug|x86.ActiveCfg = Debug|Any CPU
		{9C637FDF-90A2-495F-9613-4A130AC5280B}.Debug|x86.Build.0 = Debug|Any CPU
		{9C637FDF-90A2-495F-9613-4A130AC5280B}.Release|Any CPU.ActiveCfg = Release|Any CPU
		{9C637FDF-90A2-495F-9613-4A130AC5280B}.Release|Any CPU.Build.0 = Release|Any CPU
		{9C637FDF-90A2-495F-9613-4A130AC5280B}.Release|x64.ActiveCfg = Release|Any CPU
		{9C637FDF-90A2-495F-9613-4A130AC5280B}.Release|x64.Build.0 = Release|Any CPU
		{9C637FDF-90A2-495F-9613-4A130AC5280B}.Release|x86.ActiveCfg = Release|Any CPU
		{9C637FDF-90A2-495F-9613-4A130AC5280B}.Release|x86.Build.0 = Release|Any CPU
		{B2E22F9B-2D9F-4D7A-9FE2-D885B94E4676}.Debug|Any CPU.ActiveCfg = Debug|Any CPU
		{B2E22F9B-2D9F-4D7A-9FE2-D885B94E4676}.Debug|Any CPU.Build.0 = Debug|Any CPU
		{B2E22F9B-2D9F-4D7A-9FE2-D885B94E4676}.Debug|x64.ActiveCfg = Debug|Any CPU
		{B2E22F9B-2D9F-4D7A-9FE2-D885B94E4676}.Debug|x64.Build.0 = Debug|Any CPU
		{B2E22F9B-2D9F-4D7A-9FE2-D885B94E4676}.Debug|x86.ActiveCfg = Debug|Any CPU
		{B2E22F9B-2D9F-4D7A-9FE2-D885B94E4676}.Debug|x86.Build.0 = Debug|Any CPU
		{B2E22F9B-2D9F-4D7A-9FE2-D885B94E4676}.Release|Any CPU.ActiveCfg = Release|Any CPU
		{B2E22F9B-2D9F-4D7A-9FE2-D885B94E4676}.Release|Any CPU.Build.0 = Release|Any CPU
		{B2E22F9B-2D9F-4D7A-9FE2-D885B94E4676}.Release|x64.ActiveCfg = Release|Any CPU
		{B2E22F9B-2D9F-4D7A-9FE2-D885B94E4676}.Release|x64.Build.0 = Release|Any CPU
		{B2E22F9B-2D9F-4D7A-9FE2-D885B94E4676}.Release|x86.ActiveCfg = Release|Any CPU
		{B2E22F9B-2D9F-4D7A-9FE2-D885B94E4676}.Release|x86.Build.0 = Release|Any CPU
		{406DEAB2-E8D0-4A45-BBAB-B075BF8C81A0}.Debug|Any CPU.ActiveCfg = Debug|Any CPU
		{406DEAB2-E8D0-4A45-BBAB-B075BF8C81A0}.Debug|Any CPU.Build.0 = Debug|Any CPU
		{406DEAB2-E8D0-4A45-BBAB-B075BF8C81A0}.Debug|x64.ActiveCfg = Debug|Any CPU
		{406DEAB2-E8D0-4A45-BBAB-B075BF8C81A0}.Debug|x64.Build.0 = Debug|Any CPU
		{406DEAB2-E8D0-4A45-BBAB-B075BF8C81A0}.Debug|x86.ActiveCfg = Debug|Any CPU
		{406DEAB2-E8D0-4A45-BBAB-B075BF8C81A0}.Debug|x86.Build.0 = Debug|Any CPU
		{406DEAB2-E8D0-4A45-BBAB-B075BF8C81A0}.Release|Any CPU.ActiveCfg = Release|Any CPU
		{406DEAB2-E8D0-4A45-BBAB-B075BF8C81A0}.Release|Any CPU.Build.0 = Release|Any CPU
		{406DEAB2-E8D0-4A45-BBAB-B075BF8C81A0}.Release|x64.ActiveCfg = Release|Any CPU
		{406DEAB2-E8D0-4A45-BBAB-B075BF8C81A0}.Release|x64.Build.0 = Release|Any CPU
		{406DEAB2-E8D0-4A45-BBAB-B075BF8C81A0}.Release|x86.ActiveCfg = Release|Any CPU
		{406DEAB2-E8D0-4A45-BBAB-B075BF8C81A0}.Release|x86.Build.0 = Release|Any CPU
		{0FB4F1E3-050F-4C50-BDCB-C1CC45F681EA}.Debug|Any CPU.ActiveCfg = Debug|Any CPU
		{0FB4F1E3-050F-4C50-BDCB-C1CC45F681EA}.Debug|Any CPU.Build.0 = Debug|Any CPU
		{0FB4F1E3-050F-4C50-BDCB-C1CC45F681EA}.Debug|x64.ActiveCfg = Debug|Any CPU
		{0FB4F1E3-050F-4C50-BDCB-C1CC45F681EA}.Debug|x64.Build.0 = Debug|Any CPU
		{0FB4F1E3-050F-4C50-BDCB-C1CC45F681EA}.Debug|x86.ActiveCfg = Debug|Any CPU
		{0FB4F1E3-050F-4C50-BDCB-C1CC45F681EA}.Debug|x86.Build.0 = Debug|Any CPU
		{0FB4F1E3-050F-4C50-BDCB-C1CC45F681EA}.Release|Any CPU.ActiveCfg = Release|Any CPU
		{0FB4F1E3-050F-4C50-BDCB-C1CC45F681EA}.Release|Any CPU.Build.0 = Release|Any CPU
		{0FB4F1E3-050F-4C50-BDCB-C1CC45F681EA}.Release|x64.ActiveCfg = Release|Any CPU
		{0FB4F1E3-050F-4C50-BDCB-C1CC45F681EA}.Release|x64.Build.0 = Release|Any CPU
		{0FB4F1E3-050F-4C50-BDCB-C1CC45F681EA}.Release|x86.ActiveCfg = Release|Any CPU
		{0FB4F1E3-050F-4C50-BDCB-C1CC45F681EA}.Release|x86.Build.0 = Release|Any CPU
		{28B799B7-A8D4-4C02-A15D-435DFF983CF4}.Debug|Any CPU.ActiveCfg = Debug|Any CPU
		{28B799B7-A8D4-4C02-A15D-435DFF983CF4}.Debug|Any CPU.Build.0 = Debug|Any CPU
		{28B799B7-A8D4-4C02-A15D-435DFF983CF4}.Debug|x64.ActiveCfg = Debug|Any CPU
		{28B799B7-A8D4-4C02-A15D-435DFF983CF4}.Debug|x64.Build.0 = Debug|Any CPU
		{28B799B7-A8D4-4C02-A15D-435DFF983CF4}.Debug|x86.ActiveCfg = Debug|Any CPU
		{28B799B7-A8D4-4C02-A15D-435DFF983CF4}.Debug|x86.Build.0 = Debug|Any CPU
		{28B799B7-A8D4-4C02-A15D-435DFF983CF4}.Release|Any CPU.ActiveCfg = Release|Any CPU
		{28B799B7-A8D4-4C02-A15D-435DFF983CF4}.Release|Any CPU.Build.0 = Release|Any CPU
		{28B799B7-A8D4-4C02-A15D-435DFF983CF4}.Release|x64.ActiveCfg = Release|Any CPU
		{28B799B7-A8D4-4C02-A15D-435DFF983CF4}.Release|x64.Build.0 = Release|Any CPU
		{28B799B7-A8D4-4C02-A15D-435DFF983CF4}.Release|x86.ActiveCfg = Release|Any CPU
		{28B799B7-A8D4-4C02-A15D-435DFF983CF4}.Release|x86.Build.0 = Release|Any CPU
		{F6B9F88E-18E5-4DEF-9546-469AB01978E5}.Debug|Any CPU.ActiveCfg = Debug|Any CPU
		{F6B9F88E-18E5-4DEF-9546-469AB01978E5}.Debug|Any CPU.Build.0 = Debug|Any CPU
		{F6B9F88E-18E5-4DEF-9546-469AB01978E5}.Debug|x64.ActiveCfg = Debug|Any CPU
		{F6B9F88E-18E5-4DEF-9546-469AB01978E5}.Debug|x64.Build.0 = Debug|Any CPU
		{F6B9F88E-18E5-4DEF-9546-469AB01978E5}.Debug|x86.ActiveCfg = Debug|Any CPU
		{F6B9F88E-18E5-4DEF-9546-469AB01978E5}.Debug|x86.Build.0 = Debug|Any CPU
		{F6B9F88E-18E5-4DEF-9546-469AB01978E5}.Release|Any CPU.ActiveCfg = Release|Any CPU
		{F6B9F88E-18E5-4DEF-9546-469AB01978E5}.Release|Any CPU.Build.0 = Release|Any CPU
		{F6B9F88E-18E5-4DEF-9546-469AB01978E5}.Release|x64.ActiveCfg = Release|Any CPU
		{F6B9F88E-18E5-4DEF-9546-469AB01978E5}.Release|x64.Build.0 = Release|Any CPU
		{F6B9F88E-18E5-4DEF-9546-469AB01978E5}.Release|x86.ActiveCfg = Release|Any CPU
		{F6B9F88E-18E5-4DEF-9546-469AB01978E5}.Release|x86.Build.0 = Release|Any CPU
		{C54664CE-0B33-4CDB-BE34-A7B58D124447}.Debug|Any CPU.ActiveCfg = Debug|Any CPU
		{C54664CE-0B33-4CDB-BE34-A7B58D124447}.Debug|Any CPU.Build.0 = Debug|Any CPU
		{C54664CE-0B33-4CDB-BE34-A7B58D124447}.Debug|x64.ActiveCfg = Debug|Any CPU
		{C54664CE-0B33-4CDB-BE34-A7B58D124447}.Debug|x64.Build.0 = Debug|Any CPU
		{C54664CE-0B33-4CDB-BE34-A7B58D124447}.Debug|x86.ActiveCfg = Debug|Any CPU
		{C54664CE-0B33-4CDB-BE34-A7B58D124447}.Debug|x86.Build.0 = Debug|Any CPU
		{C54664CE-0B33-4CDB-BE34-A7B58D124447}.Release|Any CPU.ActiveCfg = Release|Any CPU
		{C54664CE-0B33-4CDB-BE34-A7B58D124447}.Release|Any CPU.Build.0 = Release|Any CPU
		{C54664CE-0B33-4CDB-BE34-A7B58D124447}.Release|x64.ActiveCfg = Release|Any CPU
		{C54664CE-0B33-4CDB-BE34-A7B58D124447}.Release|x64.Build.0 = Release|Any CPU
		{C54664CE-0B33-4CDB-BE34-A7B58D124447}.Release|x86.ActiveCfg = Release|Any CPU
		{C54664CE-0B33-4CDB-BE34-A7B58D124447}.Release|x86.Build.0 = Release|Any CPU
		{48B9819B-3FCD-432C-B4C9-988914F44A0B}.Debug|Any CPU.ActiveCfg = Debug|Any CPU
		{48B9819B-3FCD-432C-B4C9-988914F44A0B}.Debug|Any CPU.Build.0 = Debug|Any CPU
		{48B9819B-3FCD-432C-B4C9-988914F44A0B}.Debug|x64.ActiveCfg = Debug|Any CPU
		{48B9819B-3FCD-432C-B4C9-988914F44A0B}.Debug|x64.Build.0 = Debug|Any CPU
		{48B9819B-3FCD-432C-B4C9-988914F44A0B}.Debug|x86.ActiveCfg = Debug|Any CPU
		{48B9819B-3FCD-432C-B4C9-988914F44A0B}.Debug|x86.Build.0 = Debug|Any CPU
		{48B9819B-3FCD-432C-B4C9-988914F44A0B}.Release|Any CPU.ActiveCfg = Release|Any CPU
		{48B9819B-3FCD-432C-B4C9-988914F44A0B}.Release|Any CPU.Build.0 = Release|Any CPU
		{48B9819B-3FCD-432C-B4C9-988914F44A0B}.Release|x64.ActiveCfg = Release|Any CPU
		{48B9819B-3FCD-432C-B4C9-988914F44A0B}.Release|x64.Build.0 = Release|Any CPU
		{48B9819B-3FCD-432C-B4C9-988914F44A0B}.Release|x86.ActiveCfg = Release|Any CPU
		{48B9819B-3FCD-432C-B4C9-988914F44A0B}.Release|x86.Build.0 = Release|Any CPU
		{62B22DF7-A01E-45F4-9A2A-7ACD434C324F}.Debug|Any CPU.ActiveCfg = Debug|Any CPU
		{62B22DF7-A01E-45F4-9A2A-7ACD434C324F}.Debug|Any CPU.Build.0 = Debug|Any CPU
		{62B22DF7-A01E-45F4-9A2A-7ACD434C324F}.Debug|x64.ActiveCfg = Debug|Any CPU
		{62B22DF7-A01E-45F4-9A2A-7ACD434C324F}.Debug|x64.Build.0 = Debug|Any CPU
		{62B22DF7-A01E-45F4-9A2A-7ACD434C324F}.Debug|x86.ActiveCfg = Debug|Any CPU
		{62B22DF7-A01E-45F4-9A2A-7ACD434C324F}.Debug|x86.Build.0 = Debug|Any CPU
		{62B22DF7-A01E-45F4-9A2A-7ACD434C324F}.Release|Any CPU.ActiveCfg = Release|Any CPU
		{62B22DF7-A01E-45F4-9A2A-7ACD434C324F}.Release|Any CPU.Build.0 = Release|Any CPU
		{62B22DF7-A01E-45F4-9A2A-7ACD434C324F}.Release|x64.ActiveCfg = Release|Any CPU
		{62B22DF7-A01E-45F4-9A2A-7ACD434C324F}.Release|x64.Build.0 = Release|Any CPU
		{62B22DF7-A01E-45F4-9A2A-7ACD434C324F}.Release|x86.ActiveCfg = Release|Any CPU
		{62B22DF7-A01E-45F4-9A2A-7ACD434C324F}.Release|x86.Build.0 = Release|Any CPU
		{82BAE5D0-B0EE-4D53-85C1-4C3A61701B99}.Debug|Any CPU.ActiveCfg = Debug|Any CPU
		{82BAE5D0-B0EE-4D53-85C1-4C3A61701B99}.Debug|Any CPU.Build.0 = Debug|Any CPU
		{82BAE5D0-B0EE-4D53-85C1-4C3A61701B99}.Debug|x64.ActiveCfg = Debug|Any CPU
		{82BAE5D0-B0EE-4D53-85C1-4C3A61701B99}.Debug|x64.Build.0 = Debug|Any CPU
		{82BAE5D0-B0EE-4D53-85C1-4C3A61701B99}.Debug|x86.ActiveCfg = Debug|Any CPU
		{82BAE5D0-B0EE-4D53-85C1-4C3A61701B99}.Debug|x86.Build.0 = Debug|Any CPU
		{82BAE5D0-B0EE-4D53-85C1-4C3A61701B99}.Release|Any CPU.ActiveCfg = Release|Any CPU
		{82BAE5D0-B0EE-4D53-85C1-4C3A61701B99}.Release|Any CPU.Build.0 = Release|Any CPU
		{82BAE5D0-B0EE-4D53-85C1-4C3A61701B99}.Release|x64.ActiveCfg = Release|Any CPU
		{82BAE5D0-B0EE-4D53-85C1-4C3A61701B99}.Release|x64.Build.0 = Release|Any CPU
		{82BAE5D0-B0EE-4D53-85C1-4C3A61701B99}.Release|x86.ActiveCfg = Release|Any CPU
		{82BAE5D0-B0EE-4D53-85C1-4C3A61701B99}.Release|x86.Build.0 = Release|Any CPU
		{8ED5F548-AE4F-48A2-926C-30AE705D9E88}.Debug|Any CPU.ActiveCfg = Debug|Any CPU
		{8ED5F548-AE4F-48A2-926C-30AE705D9E88}.Debug|Any CPU.Build.0 = Debug|Any CPU
		{8ED5F548-AE4F-48A2-926C-30AE705D9E88}.Debug|x64.ActiveCfg = Debug|Any CPU
		{8ED5F548-AE4F-48A2-926C-30AE705D9E88}.Debug|x64.Build.0 = Debug|Any CPU
		{8ED5F548-AE4F-48A2-926C-30AE705D9E88}.Debug|x86.ActiveCfg = Debug|Any CPU
		{8ED5F548-AE4F-48A2-926C-30AE705D9E88}.Debug|x86.Build.0 = Debug|Any CPU
		{8ED5F548-AE4F-48A2-926C-30AE705D9E88}.Release|Any CPU.ActiveCfg = Release|Any CPU
		{8ED5F548-AE4F-48A2-926C-30AE705D9E88}.Release|Any CPU.Build.0 = Release|Any CPU
		{8ED5F548-AE4F-48A2-926C-30AE705D9E88}.Release|x64.ActiveCfg = Release|Any CPU
		{8ED5F548-AE4F-48A2-926C-30AE705D9E88}.Release|x64.Build.0 = Release|Any CPU
		{8ED5F548-AE4F-48A2-926C-30AE705D9E88}.Release|x86.ActiveCfg = Release|Any CPU
		{8ED5F548-AE4F-48A2-926C-30AE705D9E88}.Release|x86.Build.0 = Release|Any CPU
		{CDEA22A9-190D-41C8-BFA5-1BCEFCEC2CE6}.Debug|Any CPU.ActiveCfg = Debug|Any CPU
		{CDEA22A9-190D-41C8-BFA5-1BCEFCEC2CE6}.Debug|Any CPU.Build.0 = Debug|Any CPU
		{CDEA22A9-190D-41C8-BFA5-1BCEFCEC2CE6}.Debug|x64.ActiveCfg = Debug|Any CPU
		{CDEA22A9-190D-41C8-BFA5-1BCEFCEC2CE6}.Debug|x64.Build.0 = Debug|Any CPU
		{CDEA22A9-190D-41C8-BFA5-1BCEFCEC2CE6}.Debug|x86.ActiveCfg = Debug|Any CPU
		{CDEA22A9-190D-41C8-BFA5-1BCEFCEC2CE6}.Debug|x86.Build.0 = Debug|Any CPU
		{CDEA22A9-190D-41C8-BFA5-1BCEFCEC2CE6}.Release|Any CPU.ActiveCfg = Release|Any CPU
		{CDEA22A9-190D-41C8-BFA5-1BCEFCEC2CE6}.Release|Any CPU.Build.0 = Release|Any CPU
		{CDEA22A9-190D-41C8-BFA5-1BCEFCEC2CE6}.Release|x64.ActiveCfg = Release|Any CPU
		{CDEA22A9-190D-41C8-BFA5-1BCEFCEC2CE6}.Release|x64.Build.0 = Release|Any CPU
		{CDEA22A9-190D-41C8-BFA5-1BCEFCEC2CE6}.Release|x86.ActiveCfg = Release|Any CPU
		{CDEA22A9-190D-41C8-BFA5-1BCEFCEC2CE6}.Release|x86.Build.0 = Release|Any CPU
		{466470AE-0A31-44EB-935A-1BFCF0C30084}.Debug|Any CPU.ActiveCfg = Debug|Any CPU
		{466470AE-0A31-44EB-935A-1BFCF0C30084}.Debug|Any CPU.Build.0 = Debug|Any CPU
		{466470AE-0A31-44EB-935A-1BFCF0C30084}.Debug|x64.ActiveCfg = Debug|Any CPU
		{466470AE-0A31-44EB-935A-1BFCF0C30084}.Debug|x64.Build.0 = Debug|Any CPU
		{466470AE-0A31-44EB-935A-1BFCF0C30084}.Debug|x86.ActiveCfg = Debug|Any CPU
		{466470AE-0A31-44EB-935A-1BFCF0C30084}.Debug|x86.Build.0 = Debug|Any CPU
		{466470AE-0A31-44EB-935A-1BFCF0C30084}.Release|Any CPU.ActiveCfg = Release|Any CPU
		{466470AE-0A31-44EB-935A-1BFCF0C30084}.Release|Any CPU.Build.0 = Release|Any CPU
		{466470AE-0A31-44EB-935A-1BFCF0C30084}.Release|x64.ActiveCfg = Release|Any CPU
		{466470AE-0A31-44EB-935A-1BFCF0C30084}.Release|x64.Build.0 = Release|Any CPU
		{466470AE-0A31-44EB-935A-1BFCF0C30084}.Release|x86.ActiveCfg = Release|Any CPU
		{466470AE-0A31-44EB-935A-1BFCF0C30084}.Release|x86.Build.0 = Release|Any CPU
		{F36716A3-5524-4A46-BEAC-7CD6C6CCF9E7}.Debug|Any CPU.ActiveCfg = Debug|Any CPU
		{F36716A3-5524-4A46-BEAC-7CD6C6CCF9E7}.Debug|Any CPU.Build.0 = Debug|Any CPU
		{F36716A3-5524-4A46-BEAC-7CD6C6CCF9E7}.Debug|x64.ActiveCfg = Debug|Any CPU
		{F36716A3-5524-4A46-BEAC-7CD6C6CCF9E7}.Debug|x64.Build.0 = Debug|Any CPU
		{F36716A3-5524-4A46-BEAC-7CD6C6CCF9E7}.Debug|x86.ActiveCfg = Debug|Any CPU
		{F36716A3-5524-4A46-BEAC-7CD6C6CCF9E7}.Debug|x86.Build.0 = Debug|Any CPU
		{F36716A3-5524-4A46-BEAC-7CD6C6CCF9E7}.Release|Any CPU.ActiveCfg = Release|Any CPU
		{F36716A3-5524-4A46-BEAC-7CD6C6CCF9E7}.Release|Any CPU.Build.0 = Release|Any CPU
		{F36716A3-5524-4A46-BEAC-7CD6C6CCF9E7}.Release|x64.ActiveCfg = Release|Any CPU
		{F36716A3-5524-4A46-BEAC-7CD6C6CCF9E7}.Release|x64.Build.0 = Release|Any CPU
		{F36716A3-5524-4A46-BEAC-7CD6C6CCF9E7}.Release|x86.ActiveCfg = Release|Any CPU
		{F36716A3-5524-4A46-BEAC-7CD6C6CCF9E7}.Release|x86.Build.0 = Release|Any CPU
		{275B5634-7CDF-4AD2-A7AF-520CDE0B85DC}.Debug|Any CPU.ActiveCfg = Debug|Any CPU
		{275B5634-7CDF-4AD2-A7AF-520CDE0B85DC}.Debug|Any CPU.Build.0 = Debug|Any CPU
		{275B5634-7CDF-4AD2-A7AF-520CDE0B85DC}.Debug|x64.ActiveCfg = Debug|Any CPU
		{275B5634-7CDF-4AD2-A7AF-520CDE0B85DC}.Debug|x64.Build.0 = Debug|Any CPU
		{275B5634-7CDF-4AD2-A7AF-520CDE0B85DC}.Debug|x86.ActiveCfg = Debug|Any CPU
		{275B5634-7CDF-4AD2-A7AF-520CDE0B85DC}.Debug|x86.Build.0 = Debug|Any CPU
		{275B5634-7CDF-4AD2-A7AF-520CDE0B85DC}.Release|Any CPU.ActiveCfg = Release|Any CPU
		{275B5634-7CDF-4AD2-A7AF-520CDE0B85DC}.Release|Any CPU.Build.0 = Release|Any CPU
		{275B5634-7CDF-4AD2-A7AF-520CDE0B85DC}.Release|x64.ActiveCfg = Release|Any CPU
		{275B5634-7CDF-4AD2-A7AF-520CDE0B85DC}.Release|x64.Build.0 = Release|Any CPU
		{275B5634-7CDF-4AD2-A7AF-520CDE0B85DC}.Release|x86.ActiveCfg = Release|Any CPU
		{275B5634-7CDF-4AD2-A7AF-520CDE0B85DC}.Release|x86.Build.0 = Release|Any CPU
		{8C800DA7-AFC6-447E-9038-E79A57A5EC5E}.Debug|Any CPU.ActiveCfg = Debug|Any CPU
		{8C800DA7-AFC6-447E-9038-E79A57A5EC5E}.Debug|Any CPU.Build.0 = Debug|Any CPU
		{8C800DA7-AFC6-447E-9038-E79A57A5EC5E}.Debug|x64.ActiveCfg = Debug|Any CPU
		{8C800DA7-AFC6-447E-9038-E79A57A5EC5E}.Debug|x64.Build.0 = Debug|Any CPU
		{8C800DA7-AFC6-447E-9038-E79A57A5EC5E}.Debug|x86.ActiveCfg = Debug|Any CPU
		{8C800DA7-AFC6-447E-9038-E79A57A5EC5E}.Debug|x86.Build.0 = Debug|Any CPU
		{8C800DA7-AFC6-447E-9038-E79A57A5EC5E}.Release|Any CPU.ActiveCfg = Release|Any CPU
		{8C800DA7-AFC6-447E-9038-E79A57A5EC5E}.Release|Any CPU.Build.0 = Release|Any CPU
		{8C800DA7-AFC6-447E-9038-E79A57A5EC5E}.Release|x64.ActiveCfg = Release|Any CPU
		{8C800DA7-AFC6-447E-9038-E79A57A5EC5E}.Release|x64.Build.0 = Release|Any CPU
		{8C800DA7-AFC6-447E-9038-E79A57A5EC5E}.Release|x86.ActiveCfg = Release|Any CPU
		{8C800DA7-AFC6-447E-9038-E79A57A5EC5E}.Release|x86.Build.0 = Release|Any CPU
		{1E315E3A-CC95-44FD-820F-1B88CD2FA438}.Debug|Any CPU.ActiveCfg = Debug|Any CPU
		{1E315E3A-CC95-44FD-820F-1B88CD2FA438}.Debug|Any CPU.Build.0 = Debug|Any CPU
		{1E315E3A-CC95-44FD-820F-1B88CD2FA438}.Debug|x64.ActiveCfg = Debug|Any CPU
		{1E315E3A-CC95-44FD-820F-1B88CD2FA438}.Debug|x64.Build.0 = Debug|Any CPU
		{1E315E3A-CC95-44FD-820F-1B88CD2FA438}.Debug|x86.ActiveCfg = Debug|Any CPU
		{1E315E3A-CC95-44FD-820F-1B88CD2FA438}.Debug|x86.Build.0 = Debug|Any CPU
		{1E315E3A-CC95-44FD-820F-1B88CD2FA438}.Release|Any CPU.ActiveCfg = Release|Any CPU
		{1E315E3A-CC95-44FD-820F-1B88CD2FA438}.Release|Any CPU.Build.0 = Release|Any CPU
		{1E315E3A-CC95-44FD-820F-1B88CD2FA438}.Release|x64.ActiveCfg = Release|Any CPU
		{1E315E3A-CC95-44FD-820F-1B88CD2FA438}.Release|x64.Build.0 = Release|Any CPU
		{1E315E3A-CC95-44FD-820F-1B88CD2FA438}.Release|x86.ActiveCfg = Release|Any CPU
		{1E315E3A-CC95-44FD-820F-1B88CD2FA438}.Release|x86.Build.0 = Release|Any CPU
		{3AF96D3F-A5AB-40D6-B5B4-C9393DA5F557}.Debug|Any CPU.ActiveCfg = Debug|Any CPU
		{3AF96D3F-A5AB-40D6-B5B4-C9393DA5F557}.Debug|Any CPU.Build.0 = Debug|Any CPU
		{3AF96D3F-A5AB-40D6-B5B4-C9393DA5F557}.Debug|x64.ActiveCfg = Debug|Any CPU
		{3AF96D3F-A5AB-40D6-B5B4-C9393DA5F557}.Debug|x64.Build.0 = Debug|Any CPU
		{3AF96D3F-A5AB-40D6-B5B4-C9393DA5F557}.Debug|x86.ActiveCfg = Debug|Any CPU
		{3AF96D3F-A5AB-40D6-B5B4-C9393DA5F557}.Debug|x86.Build.0 = Debug|Any CPU
		{3AF96D3F-A5AB-40D6-B5B4-C9393DA5F557}.Release|Any CPU.ActiveCfg = Release|Any CPU
		{3AF96D3F-A5AB-40D6-B5B4-C9393DA5F557}.Release|Any CPU.Build.0 = Release|Any CPU
		{3AF96D3F-A5AB-40D6-B5B4-C9393DA5F557}.Release|x64.ActiveCfg = Release|Any CPU
		{3AF96D3F-A5AB-40D6-B5B4-C9393DA5F557}.Release|x64.Build.0 = Release|Any CPU
		{3AF96D3F-A5AB-40D6-B5B4-C9393DA5F557}.Release|x86.ActiveCfg = Release|Any CPU
		{3AF96D3F-A5AB-40D6-B5B4-C9393DA5F557}.Release|x86.Build.0 = Release|Any CPU
	EndGlobalSection
	GlobalSection(SolutionProperties) = preSolution
		HideSolutionNode = FALSE
	EndGlobalSection
EndGlobal
